
Microsoft Visual Studio Solution File, Format Version 12.00
# Visual Studio Version 17
VisualStudioVersion = 17.0.32014.148
MinimumVisualStudioVersion = 10.0.40219.1
Project("{FAE04EC0-301F-11D3-BF4B-00C04F79EFBC}") = "UnitConverterAppAPI", "UnitConverterAppAPI.csproj", "{0AEAAF9C-74BC-40A5-A514-7B55C94BC5B6}"
EndProject
Global
	GlobalSection(SolutionConfigurationPlatforms) = preSolution
		Debug|Any CPU = Debug|Any CPU
		Release|Any CPU = Release|Any CPU
	EndGlobalSection
	GlobalSection(ProjectConfigurationPlatforms) = postSolution
		{0AEAAF9C-74BC-40A5-A514-7B55C94BC5B6}.Debug|Any CPU.ActiveCfg = Debug|Any CPU
		{0AEAAF9C-74BC-40A5-A514-7B55C94BC5B6}.Debug|Any CPU.Build.0 = Debug|Any CPU
		{0AEAAF9C-74BC-40A5-A514-7B55C94BC5B6}.Release|Any CPU.ActiveCfg = Release|Any CPU
		{0AEAAF9C-74BC-40A5-A514-7B55C94BC5B6}.Release|Any CPU.Build.0 = Release|Any CPU
	EndGlobalSection
	GlobalSection(SolutionProperties) = preSolution
		HideSolutionNode = FALSE
	EndGlobalSection
	GlobalSection(ExtensibilityGlobals) = postSolution
		SolutionGuid = {8EB10E6D-82D8-4D6D-B248-67997B4096F5}
	EndGlobalSection
EndGlobal
